
Microsoft Visual Studio Solution File, Format Version 12.00
# Visual Studio Version 17
VisualStudioVersion = 17.6.33829.357
MinimumVisualStudioVersion = 10.0.40219.1
Project("{FAE04EC0-301F-11D3-BF4B-00C04F79EFBC}") = "FormulaOne", "FormulaOne\FormulaOne.csproj", "{2E92FF82-411A-4436-A3EA-325C9BD9CC19}"
EndProject
Project("{FAE04EC0-301F-11D3-BF4B-00C04F79EFBC}") = "DataService", "DataService\DataService.csproj", "{F299DB2B-0198-404E-9989-63496F43690B}"
EndProject
Project("{FAE04EC0-301F-11D3-BF4B-00C04F79EFBC}") = "Entities", "Entities\Entities.csproj", "{1167E4B7-ECFB-43E4-975A-855E35F27889}"
EndProject
Global
	GlobalSection(SolutionConfigurationPlatforms) = preSolution
		Debug|Any CPU = Debug|Any CPU
		Release|Any CPU = Release|Any CPU
	EndGlobalSection
	GlobalSection(ProjectConfigurationPlatforms) = postSolution
		{2E92FF82-411A-4436-A3EA-325C9BD9CC19}.Debug|Any CPU.ActiveCfg = Debug|Any CPU
		{2E92FF82-411A-4436-A3EA-325C9BD9CC19}.Debug|Any CPU.Build.0 = Debug|Any CPU
		{2E92FF82-411A-4436-A3EA-325C9BD9CC19}.Release|Any CPU.ActiveCfg = Release|Any CPU
		{2E92FF82-411A-4436-A3EA-325C9BD9CC19}.Release|Any CPU.Build.0 = Release|Any CPU
		{F299DB2B-0198-404E-9989-63496F43690B}.Debug|Any CPU.ActiveCfg = Debug|Any CPU
		{F299DB2B-0198-404E-9989-63496F43690B}.Debug|Any CPU.Build.0 = Debug|Any CPU
		{F299DB2B-0198-404E-9989-63496F43690B}.Release|Any CPU.ActiveCfg = Release|Any CPU
		{F299DB2B-0198-404E-9989-63496F43690B}.Release|Any CPU.Build.0 = Release|Any CPU
		{1167E4B7-ECFB-43E4-975A-855E35F27889}.Debug|Any CPU.ActiveCfg = Debug|Any CPU
		{1167E4B7-ECFB-43E4-975A-855E35F27889}.Debug|Any CPU.Build.0 = Debug|Any CPU
		{1167E4B7-ECFB-43E4-975A-855E35F27889}.Release|Any CPU.ActiveCfg = Release|Any CPU
		{1167E4B7-ECFB-43E4-975A-855E35F27889}.Release|Any CPU.Build.0 = Release|Any CPU
	EndGlobalSection
	GlobalSection(SolutionProperties) = preSolution
		HideSolutionNode = FALSE
	EndGlobalSection
	GlobalSection(ExtensibilityGlobals) = postSolution
		SolutionGuid = {E3AC0719-495D-4218-9DB8-8DDFAF7E0023}
	EndGlobalSection
EndGlobal
